
Microsoft Visual Studio Solution File, Format Version 12.00
# Visual Studio 15
VisualStudioVersion = 15.0.28010.2003
MinimumVisualStudioVersion = 10.0.40219.1
Project("{8BC9CEB8-8B4A-11D0-8D11-00A0C91BC942}") = "Windows窗口", "Windows窗口\Windows窗口.vcxproj", "{DD1EB7A5-25A4-46A6-88EB-48F0EEA3EB1D}"
EndProject
Global
	GlobalSection(SolutionConfigurationPlatforms) = preSolution
		Debug|x64 = Debug|x64
		Debug|x86 = Debug|x86
		Release|x64 = Release|x64
		Release|x86 = Release|x86
	EndGlobalSection
	GlobalSection(ProjectConfigurationPlatforms) = postSolution
		{DD1EB7A5-25A4-46A6-88EB-48F0EEA3EB1D}.Debug|x64.ActiveCfg = Debug|x64
		{DD1EB7A5-25A4-46A6-88EB-48F0EEA3EB1D}.Debug|x64.Build.0 = Debug|x64
		{DD1EB7A5-25A4-46A6-88EB-48F0EEA3EB1D}.Debug|x86.ActiveCfg = Debug|Win32
		{DD1EB7A5-25A4-46A6-88EB-48F0EEA3EB1D}.Debug|x86.Build.0 = Debug|Win32
		{DD1EB7A5-25A4-46A6-88EB-48F0EEA3EB1D}.Release|x64.ActiveCfg = Release|x64
		{DD1EB7A5-25A4-46A6-88EB-48F0EEA3EB1D}.Release|x64.Build.0 = Release|x64
		{DD1EB7A5-25A4-46A6-88EB-48F0EEA3EB1D}.Release|x86.ActiveCfg = Release|Win32
		{DD1EB7A5-25A4-46A6-88EB-48F0EEA3EB1D}.Release|x86.Build.0 = Release|Win32
	EndGlobalSection
	GlobalSection(SolutionProperties) = preSolution
		HideSolutionNode = FALSE
	EndGlobalSection
	GlobalSection(ExtensibilityGlobals) = postSolution
		SolutionGuid = {1B7E4490-D4C1-4752-8430-D7F83DCC138E}
	EndGlobalSection
EndGlobal
